// !$*UTF8*$!
{
	archiveVersion = 1;
	classes = {
	};
	objectVersion = 48;
	objects = {

/* Begin PBXBuildFile section */
		BF0715B31FDE994D00A633DC /* AppDelegate.swift in Sources */ = {isa = PBXBuildFile; fileRef = BF0715B21FDE994D00A633DC /* AppDelegate.swift */; };
		BF0715B51FDE994D00A633DC /* ViewController.swift in Sources */ = {isa = PBXBuildFile; fileRef = BF0715B41FDE994D00A633DC /* ViewController.swift */; };
		BF0715B81FDE994D00A633DC /* Main.storyboard in Resources */ = {isa = PBXBuildFile; fileRef = BF0715B61FDE994D00A633DC /* Main.storyboard */; };
		BF0715BA1FDE994D00A633DC /* Assets.xcassets in Resources */ = {isa = PBXBuildFile; fileRef = BF0715B91FDE994D00A633DC /* Assets.xcassets */; };
		BF0715BD1FDE994D00A633DC /* LaunchScreen.storyboard in Resources */ = {isa = PBXBuildFile; fileRef = BF0715BB1FDE994D00A633DC /* LaunchScreen.storyboard */; };
		BF0715C81FDE994D00A633DC /* SimpleAppTests.swift in Sources */ = {isa = PBXBuildFile; fileRef = BF0715C71FDE994D00A633DC /* SimpleAppTests.swift */; };
		BF0715D31FDE994D00A633DC /* SimpleAppUITests.swift in Sources */ = {isa = PBXBuildFile; fileRef = BF0715D21FDE994D00A633DC /* SimpleAppUITests.swift */; };
/* End PBXBuildFile section */

/* Begin PBXContainerItemProxy section */
		BF0715C41FDE994D00A633DC /* PBXContainerItemProxy */ = {
			isa = PBXContainerItemProxy;
			containerPortal = BF0715A71FDE994D00A633DC /* Project object */;
			proxyType = 1;
			remoteGlobalIDString = BF0715AE1FDE994D00A633DC;
			remoteInfo = SimpleApp;
		};
		BF0715CF1FDE994D00A633DC /* PBXContainerItemProxy */ = {
			isa = PBXContainerItemProxy;
			containerPortal = BF0715A71FDE994D00A633DC /* Project object */;
			proxyType = 1;
			remoteGlobalIDString = BF0715AE1FDE994D00A633DC;
			remoteInfo = SimpleApp;
		};
/* End PBXContainerItemProxy section */

/* Begin PBXFileReference section */
		BF0715AF1FDE994D00A633DC /* SimpleApp.app */ = {isa = PBXFileReference; explicitFileType = wrapper.application; includeInIndex = 0; path = SimpleApp.app; sourceTree = BUILT_PRODUCTS_DIR; };
		BF0715B21FDE994D00A633DC /* AppDelegate.swift */ = {isa = PBXFileReference; lastKnownFileType = sourcecode.swift; path = AppDelegate.swift; sourceTree = "<group>"; };
		BF0715B41FDE994D00A633DC /* ViewController.swift */ = {isa = PBXFileReference; lastKnownFileType = sourcecode.swift; path = ViewController.swift; sourceTree = "<group>"; };
		BF0715B71FDE994D00A633DC /* Base */ = {isa = PBXFileReference; lastKnownFileType = file.storyboard; name = Base; path = Base.lproj/Main.storyboard; sourceTree = "<group>"; };
		BF0715B91FDE994D00A633DC /* Assets.xcassets */ = {isa = PBXFileReference; lastKnownFileType = folder.assetcatalog; path = Assets.xcassets; sourceTree = "<group>"; };
		BF0715BC1FDE994D00A633DC /* Base */ = {isa = PBXFileReference; lastKnownFileType = file.storyboard; name = Base; path = Base.lproj/LaunchScreen.storyboard; sourceTree = "<group>"; };
		BF0715BE1FDE994D00A633DC /* Info.plist */ = {isa = PBXFileReference; lastKnownFileType = text.plist.xml; path = Info.plist; sourceTree = "<group>"; };
		BF0715C31FDE994D00A633DC /* SimpleAppTests.xctest */ = {isa = PBXFileReference; explicitFileType = wrapper.cfbundle; includeInIndex = 0; path = SimpleAppTests.xctest; sourceTree = BUILT_PRODUCTS_DIR; };
		BF0715C71FDE994D00A633DC /* SimpleAppTests.swift */ = {isa = PBXFileReference; lastKnownFileType = sourcecode.swift; path = SimpleAppTests.swift; sourceTree = "<group>"; };
		BF0715C91FDE994D00A633DC /* Info.plist */ = {isa = PBXFileReference; lastKnownFileType = text.plist.xml; path = Info.plist; sourceTree = "<group>"; };
		BF0715CE1FDE994D00A633DC /* SimpleAppUITests.xctest */ = {isa = PBXFileReference; explicitFileType = wrapper.cfbundle; includeInIndex = 0; path = SimpleAppUITests.xctest; sourceTree = BUILT_PRODUCTS_DIR; };
		BF0715D21FDE994D00A633DC /* SimpleAppUITests.swift */ = {isa = PBXFileReference; lastKnownFileType = sourcecode.swift; path = SimpleAppUITests.swift; sourceTree = "<group>"; };
		BF0715D41FDE994D00A633DC /* Info.plist */ = {isa = PBXFileReference; lastKnownFileType = text.plist.xml; path = Info.plist; sourceTree = "<group>"; };
/* End PBXFileReference section */

/* Begin PBXFrameworksBuildPhase section */
		BF0715AC1FDE994D00A633DC /* Frameworks */ = {
			isa = PBXFrameworksBuildPhase;
			buildActionMask = 2147483647;
			files = (
			);
			runOnlyForDeploymentPostprocessing = 0;
		};
		BF0715C01FDE994D00A633DC /* Frameworks */ = {
			isa = PBXFrameworksBuildPhase;
			buildActionMask = 2147483647;
			files = (
			);
			runOnlyForDeploymentPostprocessing = 0;
		};
		BF0715CB1FDE994D00A633DC /* Frameworks */ = {
			isa = PBXFrameworksBuildPhase;
			buildActionMask = 2147483647;
			files = (
			);
			runOnlyForDeploymentPostprocessing = 0;
		};
/* End PBXFrameworksBuildPhase section */

/* Begin PBXGroup section */
		BF0715A61FDE994D00A633DC = {
			isa = PBXGroup;
			children = (
				BF0715B11FDE994D00A633DC /* SimpleApp */,
				BF0715C61FDE994D00A633DC /* SimpleAppTests */,
				BF0715D11FDE994D00A633DC /* SimpleAppUITests */,
				BF0715B01FDE994D00A633DC /* Products */,
			);
			sourceTree = "<group>";
		};
		BF0715B01FDE994D00A633DC /* Products */ = {
			isa = PBXGroup;
			children = (
				BF0715AF1FDE994D00A633DC /* SimpleApp.app */,
				BF0715C31FDE994D00A633DC /* SimpleAppTests.xctest */,
				BF0715CE1FDE994D00A633DC /* SimpleAppUITests.xctest */,
			);
			name = Products;
			sourceTree = "<group>";
		};
		BF0715B11FDE994D00A633DC /* SimpleApp */ = {
			isa = PBXGroup;
			children = (
				BF0715B21FDE994D00A633DC /* AppDelegate.swift */,
				BF0715B41FDE994D00A633DC /* ViewController.swift */,
				BF0715B61FDE994D00A633DC /* Main.storyboard */,
				BF0715B91FDE994D00A633DC /* Assets.xcassets */,
				BF0715BB1FDE994D00A633DC /* LaunchScreen.storyboard */,
				BF0715BE1FDE994D00A633DC /* Info.plist */,
			);
			path = SimpleApp;
			sourceTree = "<group>";
		};
		BF0715C61FDE994D00A633DC /* SimpleAppTests */ = {
			isa = PBXGroup;
			children = (
				BF0715C71FDE994D00A633DC /* SimpleAppTests.swift */,
				BF0715C91FDE994D00A633DC /* Info.plist */,
			);
			path = SimpleAppTests;
			sourceTree = "<group>";
		};
		BF0715D11FDE994D00A633DC /* SimpleAppUITests */ = {
			isa = PBXGroup;
			children = (
				BF0715D21FDE994D00A633DC /* SimpleAppUITests.swift */,
				BF0715D41FDE994D00A633DC /* Info.plist */,
			);
			path = SimpleAppUITests;
			sourceTree = "<group>";
		};
/* End PBXGroup section */

/* Begin PBXNativeTarget section */
		BF0715AE1FDE994D00A633DC /* SimpleApp */ = {
			isa = PBXNativeTarget;
			buildConfigurationList = BF0715D71FDE994D00A633DC /* Build configuration list for PBXNativeTarget "SimpleApp" */;
			buildPhases = (
				BF0715AB1FDE994D00A633DC /* Sources */,
				BF0715AC1FDE994D00A633DC /* Frameworks */,
				BF0715AD1FDE994D00A633DC /* Resources */,
			);
			buildRules = (
			);
			dependencies = (
			);
			name = SimpleApp;
			productName = SimpleApp;
			productReference = BF0715AF1FDE994D00A633DC /* SimpleApp.app */;
			productType = "com.apple.product-type.application";
		};
		BF0715C21FDE994D00A633DC /* SimpleAppTests */ = {
			isa = PBXNativeTarget;
			buildConfigurationList = BF0715DA1FDE994D00A633DC /* Build configuration list for PBXNativeTarget "SimpleAppTests" */;
			buildPhases = (
				BF0715BF1FDE994D00A633DC /* Sources */,
				BF0715C01FDE994D00A633DC /* Frameworks */,
				BF0715C11FDE994D00A633DC /* Resources */,
			);
			buildRules = (
			);
			dependencies = (
				BF0715C51FDE994D00A633DC /* PBXTargetDependency */,
			);
			name = SimpleAppTests;
			productName = SimpleAppTests;
			productReference = BF0715C31FDE994D00A633DC /* SimpleAppTests.xctest */;
			productType = "com.apple.product-type.bundle.unit-test";
		};
		BF0715CD1FDE994D00A633DC /* SimpleAppUITests */ = {
			isa = PBXNativeTarget;
			buildConfigurationList = BF0715DD1FDE994D00A633DC /* Build configuration list for PBXNativeTarget "SimpleAppUITests" */;
			buildPhases = (
				BF0715CA1FDE994D00A633DC /* Sources */,
				BF0715CB1FDE994D00A633DC /* Frameworks */,
				BF0715CC1FDE994D00A633DC /* Resources */,
			);
			buildRules = (
			);
			dependencies = (
				BF0715D01FDE994D00A633DC /* PBXTargetDependency */,
			);
			name = SimpleAppUITests;
			productName = SimpleAppUITests;
			productReference = BF0715CE1FDE994D00A633DC /* SimpleAppUITests.xctest */;
			productType = "com.apple.product-type.bundle.ui-testing";
		};
/* End PBXNativeTarget section */

/* Begin PBXProject section */
		BF0715A71FDE994D00A633DC /* Project object */ = {
			isa = PBXProject;
			attributes = {
				LastSwiftUpdateCheck = 0910;
				LastUpgradeCheck = 0910;
				ORGANIZATIONNAME = BlastedGroup;
				TargetAttributes = {
					BF0715AE1FDE994D00A633DC = {
						CreatedOnToolsVersion = 9.1;
						ProvisioningStyle = Automatic;
					};
					BF0715C21FDE994D00A633DC = {
						CreatedOnToolsVersion = 9.1;
						ProvisioningStyle = Automatic;
						TestTargetID = BF0715AE1FDE994D00A633DC;
					};
					BF0715CD1FDE994D00A633DC = {
						CreatedOnToolsVersion = 9.1;
						ProvisioningStyle = Automatic;
						TestTargetID = BF0715AE1FDE994D00A633DC;
					};
				};
			};
			buildConfigurationList = BF0715AA1FDE994D00A633DC /* Build configuration list for PBXProject "SimpleApp" */;
			compatibilityVersion = "Xcode 8.0";
			developmentRegion = en;
			hasScannedForEncodings = 0;
			knownRegions = (
				en,
				Base,
			);
			mainGroup = BF0715A61FDE994D00A633DC;
			productRefGroup = BF0715B01FDE994D00A633DC /* Products */;
			projectDirPath = "";
			projectRoot = "";
			targets = (
				BF0715AE1FDE994D00A633DC /* SimpleApp */,
				BF0715C21FDE994D00A633DC /* SimpleAppTests */,
				BF0715CD1FDE994D00A633DC /* SimpleAppUITests */,
			);
		};
/* End PBXProject section */

/* Begin PBXResourcesBuildPhase section */
		BF0715AD1FDE994D00A633DC /* Resources */ = {
			isa = PBXResourcesBuildPhase;
			buildActionMask = 2147483647;
			files = (
				BF0715BD1FDE994D00A633DC /* LaunchScreen.storyboard in Resources */,
				BF0715BA1FDE994D00A633DC /* Assets.xcassets in Resources */,
				BF0715B81FDE994D00A633DC /* Main.storyboard in Resources */,
			);
			runOnlyForDeploymentPostprocessing = 0;
		};
		BF0715C11FDE994D00A633DC /* Resources */ = {
			isa = PBXResourcesBuildPhase;
			buildActionMask = 2147483647;
			files = (
			);
			runOnlyForDeploymentPostprocessing = 0;
		};
		BF0715CC1FDE994D00A633DC /* Resources */ = {
			isa = PBXResourcesBuildPhase;
			buildActionMask = 2147483647;
			files = (
			);
			runOnlyForDeploymentPostprocessing = 0;
		};
/* End PBXResourcesBuildPhase section */

/* Begin PBXSourcesBuildPhase section */
		BF0715AB1FDE994D00A633DC /* Sources */ = {
			isa = PBXSourcesBuildPhase;
			buildActionMask = 2147483647;
			files = (
				BF0715B51FDE994D00A633DC /* ViewController.swift in Sources */,
				BF0715B31FDE994D00A633DC /* AppDelegate.swift in Sources */,
			);
			runOnlyForDeploymentPostprocessing = 0;
		};
		BF0715BF1FDE994D00A633DC /* Sources */ = {
			isa = PBXSourcesBuildPhase;
			buildActionMask = 2147483647;
			files = (
				BF0715C81FDE994D00A633DC /* SimpleAppTests.swift in Sources */,
			);
			runOnlyForDeploymentPostprocessing = 0;
		};
		BF0715CA1FDE994D00A633DC /* Sources */ = {
			isa = PBXSourcesBuildPhase;
			buildActionMask = 2147483647;
			files = (
				BF0715D31FDE994D00A633DC /* SimpleAppUITests.swift in Sources */,
			);
			runOnlyForDeploymentPostprocessing = 0;
		};
/* End PBXSourcesBuildPhase section */

/* Begin PBXTargetDependency section */
		BF0715C51FDE994D00A633DC /* PBXTargetDependency */ = {
			isa = PBXTargetDependency;
			target = BF0715AE1FDE994D00A633DC /* SimpleApp */;
			targetProxy = BF0715C41FDE994D00A633DC /* PBXContainerItemProxy */;
		};
		BF0715D01FDE994D00A633DC /* PBXTargetDependency */ = {
			isa = PBXTargetDependency;
			target = BF0715AE1FDE994D00A633DC /* SimpleApp */;
			targetProxy = BF0715CF1FDE994D00A633DC /* PBXContainerItemProxy */;
		};
/* End PBXTargetDependency section */

/* Begin PBXVariantGroup section */
		BF0715B61FDE994D00A633DC /* Main.storyboard */ = {
			isa = PBXVariantGroup;
			children = (
				BF0715B71FDE994D00A633DC /* Base */,
			);
			name = Main.storyboard;
			sourceTree = "<group>";
		};
		BF0715BB1FDE994D00A633DC /* LaunchScreen.storyboard */ = {
			isa = PBXVariantGroup;
			children = (
				BF0715BC1FDE994D00A633DC /* Base */,
			);
			name = LaunchScreen.storyboard;
			sourceTree = "<group>";
		};
/* End PBXVariantGroup section */

/* Begin XCBuildConfiguration section */
		BF0715D51FDE994D00A633DC /* Debug */ = {
			isa = XCBuildConfiguration;
			buildSettings = {
				ALWAYS_SEARCH_USER_PATHS = NO;
				CLANG_ANALYZER_NONNULL = YES;
				CLANG_ANALYZER_NUMBER_OBJECT_CONVERSION = YES_AGGRESSIVE;
				CLANG_CXX_LANGUAGE_STANDARD = "gnu++14";
				CLANG_CXX_LIBRARY = "libc++";
				CLANG_ENABLE_MODULES = YES;
				CLANG_ENABLE_OBJC_ARC = YES;
				CLANG_WARN_BLOCK_CAPTURE_AUTORELEASING = YES;
				CLANG_WARN_BOOL_CONVERSION = YES;
				CLANG_WARN_COMMA = YES;
				CLANG_WARN_CONSTANT_CONVERSION = YES;
				CLANG_WARN_DIRECT_OBJC_ISA_USAGE = YES_ERROR;
				CLANG_WARN_DOCUMENTATION_COMMENTS = YES;
				CLANG_WARN_EMPTY_BODY = YES;
				CLANG_WARN_ENUM_CONVERSION = YES;
				CLANG_WARN_INFINITE_RECURSION = YES;
				CLANG_WARN_INT_CONVERSION = YES;
				CLANG_WARN_NON_LITERAL_NULL_CONVERSION = YES;
				CLANG_WARN_OBJC_LITERAL_CONVERSION = YES;
				CLANG_WARN_OBJC_ROOT_CLASS = YES_ERROR;
				CLANG_WARN_RANGE_LOOP_ANALYSIS = YES;
				CLANG_WARN_STRICT_PROTOTYPES = YES;
				CLANG_WARN_SUSPICIOUS_MOVE = YES;
				CLANG_WARN_UNGUARDED_AVAILABILITY = YES_AGGRESSIVE;
				CLANG_WARN_UNREACHABLE_CODE = YES;
				CLANG_WARN__DUPLICATE_METHOD_MATCH = YES;
				CODE_SIGN_IDENTITY = "iPhone Developer";
				COPY_PHASE_STRIP = NO;
				DEBUG_INFORMATION_FORMAT = dwarf;
				ENABLE_STRICT_OBJC_MSGSEND = YES;
				ENABLE_TESTABILITY = YES;
				GCC_C_LANGUAGE_STANDARD = gnu11;
				GCC_DYNAMIC_NO_PIC = NO;
				GCC_NO_COMMON_BLOCKS = YES;
				GCC_OPTIMIZATION_LEVEL = 0;
				GCC_PREPROCESSOR_DEFINITIONS = (
					"DEBUG=1",
					"$(inherited)",
				);
				GCC_WARN_64_TO_32_BIT_CONVERSION = YES;
				GCC_WARN_ABOUT_RETURN_TYPE = YES_ERROR;
				GCC_WARN_UNDECLARED_SELECTOR = YES;
				GCC_WARN_UNINITIALIZED_AUTOS = YES_AGGRESSIVE;
				GCC_WARN_UNUSED_FUNCTION = YES;
				GCC_WARN_UNUSED_VARIABLE = YES;
				IPHONEOS_DEPLOYMENT_TARGET = 11.1;
				MTL_ENABLE_DEBUG_INFO = YES;
				ONLY_ACTIVE_ARCH = YES;
				SDKROOT = iphoneos;
				SWIFT_ACTIVE_COMPILATION_CONDITIONS = DEBUG;
				SWIFT_OPTIMIZATION_LEVEL = "-Onone";
			};
			name = Debug;
		};
		BF0715D61FDE994D00A633DC /* Release */ = {
			isa = XCBuildConfiguration;
			buildSettings = {
				ALWAYS_SEARCH_USER_PATHS = NO;
				CLANG_ANALYZER_NONNULL = YES;
				CLANG_ANALYZER_NUMBER_OBJECT_CONVERSION = YES_AGGRESSIVE;
				CLANG_CXX_LANGUAGE_STANDARD = "gnu++14";
				CLANG_CXX_LIBRARY = "libc++";
				CLANG_ENABLE_MODULES = YES;
				CLANG_ENABLE_OBJC_ARC = YES;
				CLANG_WARN_BLOCK_CAPTURE_AUTORELEASING = YES;
				CLANG_WARN_BOOL_CONVERSION = YES;
				CLANG_WARN_COMMA = YES;
				CLANG_WARN_CONSTANT_CONVERSION = YES;
				CLANG_WARN_DIRECT_OBJC_ISA_USAGE = YES_ERROR;
				CLANG_WARN_DOCUMENTATION_COMMENTS = YES;
				CLANG_WARN_EMPTY_BODY = YES;
				CLANG_WARN_ENUM_CONVERSION = YES;
				CLANG_WARN_INFINITE_RECURSION = YES;
				CLANG_WARN_INT_CONVERSION = YES;
				CLANG_WARN_NON_LITERAL_NULL_CONVERSION = YES;
				CLANG_WARN_OBJC_LITERAL_CONVERSION = YES;
				CLANG_WARN_OBJC_ROOT_CLASS = YES_ERROR;
				CLANG_WARN_RANGE_LOOP_ANALYSIS = YES;
				CLANG_WARN_STRICT_PROTOTYPES = YES;
				CLANG_WARN_SUSPICIOUS_MOVE = YES;
				CLANG_WARN_UNGUARDED_AVAILABILITY = YES_AGGRESSIVE;
				CLANG_WARN_UNREACHABLE_CODE = YES;
				CLANG_WARN__DUPLICATE_METHOD_MATCH = YES;
				CODE_SIGN_IDENTITY = "iPhone Developer";
				COPY_PHASE_STRIP = NO;
				DEBUG_INFORMATION_FORMAT = "dwarf-with-dsym";
				ENABLE_NS_ASSERTIONS = NO;
				ENABLE_STRICT_OBJC_MSGSEND = YES;
				GCC_C_LANGUAGE_STANDARD = gnu11;
				GCC_NO_COMMON_BLOCKS = YES;
				GCC_WARN_64_TO_32_BIT_CONVERSION = YES;
				GCC_WARN_ABOUT_RETURN_TYPE = YES_ERROR;
				GCC_WARN_UNDECLARED_SELECTOR = YES;
				GCC_WARN_UNINITIALIZED_AUTOS = YES_AGGRESSIVE;
				GCC_WARN_UNUSED_FUNCTION = YES;
				GCC_WARN_UNUSED_VARIABLE = YES;
				IPHONEOS_DEPLOYMENT_TARGET = 11.1;
				MTL_ENABLE_DEBUG_INFO = NO;
				SDKROOT = iphoneos;
				SWIFT_OPTIMIZATION_LEVEL = "-Owholemodule";
				VALIDATE_PRODUCT = YES;
			};
			name = Release;
		};
		BF0715D81FDE994D00A633DC /* Debug */ = {
			isa = XCBuildConfiguration;
			buildSettings = {
				ASSETCATALOG_COMPILER_APPICON_NAME = AppIcon;
				CODE_SIGN_STYLE = Automatic;
				INFOPLIST_FILE = SimpleApp/Info.plist;
				LD_RUNPATH_SEARCH_PATHS = "$(inherited) @executable_path/Frameworks";
				PRODUCT_BUNDLE_IDENTIFIER = BlastedGroup.SimpleApp;
				PRODUCT_NAME = "$(TARGET_NAME)";
				SWIFT_VERSION = 4.0;
				TARGETED_DEVICE_FAMILY = "1,2";
			};
			name = Debug;
		};
		BF0715D91FDE994D00A633DC /* Release */ = {
			isa = XCBuildConfiguration;
			buildSettings = {
				ASSETCATALOG_COMPILER_APPICON_NAME = AppIcon;
				CODE_SIGN_STYLE = Automatic;
				INFOPLIST_FILE = SimpleApp/Info.plist;
				LD_RUNPATH_SEARCH_PATHS = "$(inherited) @executable_path/Frameworks";
				PRODUCT_BUNDLE_IDENTIFIER = BlastedGroup.SimpleApp;
				PRODUCT_NAME = "$(TARGET_NAME)";
				SWIFT_VERSION = 4.0;
				TARGETED_DEVICE_FAMILY = "1,2";
			};
			name = Release;
		};
		BF0715DB1FDE994D00A633DC /* Debug */ = {
			isa = XCBuildConfiguration;
			buildSettings = {
				ALWAYS_EMBED_SWIFT_STANDARD_LIBRARIES = YES;
				BUNDLE_LOADER = "$(TEST_HOST)";
				CODE_SIGN_STYLE = Automatic;
				INFOPLIST_FILE = SimpleAppTests/Info.plist;
				LD_RUNPATH_SEARCH_PATHS = "$(inherited) @executable_path/Frameworks @loader_path/Frameworks";
				PRODUCT_BUNDLE_IDENTIFIER = BlastedGroup.SimpleAppTests;
				PRODUCT_NAME = "$(TARGET_NAME)";
				SWIFT_VERSION = 4.0;
				TARGETED_DEVICE_FAMILY = "1,2";
				TEST_HOST = "$(BUILT_PRODUCTS_DIR)/SimpleApp.app/SimpleApp";
			};
			name = Debug;
		};
		BF0715DC1FDE994D00A633DC /* Release */ = {
			isa = XCBuildConfiguration;
			buildSettings = {
				ALWAYS_EMBED_SWIFT_STANDARD_LIBRARIES = YES;
				BUNDLE_LOADER = "$(TEST_HOST)";
				CODE_SIGN_STYLE = Automatic;
				INFOPLIST_FILE = SimpleAppTests/Info.plist;
				LD_RUNPATH_SEARCH_PATHS = "$(inherited) @executable_path/Frameworks @loader_path/Frameworks";
				PRODUCT_BUNDLE_IDENTIFIER = BlastedGroup.SimpleAppTests;
				PRODUCT_NAME = "$(TARGET_NAME)";
				SWIFT_VERSION = 4.0;
				TARGETED_DEVICE_FAMILY = "1,2";
				TEST_HOST = "$(BUILT_PRODUCTS_DIR)/SimpleApp.app/SimpleApp";
			};
			name = Release;
		};
		BF0715DE1FDE994D00A633DC /* Debug */ = {
			isa = XCBuildConfiguration;
			buildSettings = {
				ALWAYS_EMBED_SWIFT_STANDARD_LIBRARIES = YES;
				CODE_SIGN_STYLE = Automatic;
				INFOPLIST_FILE = SimpleAppUITests/Info.plist;
				LD_RUNPATH_SEARCH_PATHS = "$(inherited) @executable_path/Frameworks @loader_path/Frameworks";
				PRODUCT_BUNDLE_IDENTIFIER = BlastedGroup.SimpleAppUITests;
				PRODUCT_NAME = "$(TARGET_NAME)";
				SWIFT_VERSION = 4.0;
				TARGETED_DEVICE_FAMILY = "1,2";
				TEST_TARGET_NAME = SimpleApp;
			};
			name = Debug;
		};
		BF0715DF1FDE994D00A633DC /* Release */ = {
			isa = XCBuildConfiguration;
			buildSettings = {
				ALWAYS_EMBED_SWIFT_STANDARD_LIBRARIES = YES;
				CODE_SIGN_STYLE = Automatic;
				INFOPLIST_FILE = SimpleAppUITests/Info.plist;
				LD_RUNPATH_SEARCH_PATHS = "$(inherited) @executable_path/Frameworks @loader_path/Frameworks";
				PRODUCT_BUNDLE_IDENTIFIER = BlastedGroup.SimpleAppUITests;
				PRODUCT_NAME = "$(TARGET_NAME)";
				SWIFT_VERSION = 4.0;
				TARGETED_DEVICE_FAMILY = "1,2";
				TEST_TARGET_NAME = SimpleApp;
			};
			name = Release;
		};
/* End XCBuildConfiguration section */

/* Begin XCConfigurationList section */
		BF0715AA1FDE994D00A633DC /* Build configuration list for PBXProject "SimpleApp" */ = {
			isa = XCConfigurationList;
			buildConfigurations = (
				BF0715D51FDE994D00A633DC /* Debug */,
				BF0715D61FDE994D00A633DC /* Release */,
			);
			defaultConfigurationIsVisible = 0;
			defaultConfigurationName = Release;
		};
		BF0715D71FDE994D00A633DC /* Build configuration list for PBXNativeTarget "SimpleApp" */ = {
			isa = XCConfigurationList;
			buildConfigurations = (
				BF0715D81FDE994D00A633DC /* Debug */,
				BF0715D91FDE994D00A633DC /* Release */,
			);
			defaultConfigurationIsVisible = 0;
			defaultConfigurationName = Release;
		};
		BF0715DA1FDE994D00A633DC /* Build configuration list for PBXNativeTarget "SimpleAppTests" */ = {
			isa = XCConfigurationList;
			buildConfigurations = (
				BF0715DB1FDE994D00A633DC /* Debug */,
				BF0715DC1FDE994D00A633DC /* Release */,
			);
			defaultConfigurationIsVisible = 0;
			defaultConfigurationName = Release;
		};
		BF0715DD1FDE994D00A633DC /* Build configuration list for PBXNativeTarget "SimpleAppUITests" */ = {
			isa = XCConfigurationList;
			buildConfigurations = (
				BF0715DE1FDE994D00A633DC /* Debug */,
				BF0715DF1FDE994D00A633DC /* Release */,
			);
			defaultConfigurationIsVisible = 0;
			defaultConfigurationName = Release;
		};
/* End XCConfigurationList section */
	};
	rootObject = BF0715A71FDE994D00A633DC /* Project object */;
}
